// !$*UTF8*$!
{
	archiveVersion = 1;
	classes = {
	};
	objectVersion = 46;
	objects = {

/* Begin PBXBuildFile section */
		37029CB51F47FC12001BC530 /* SliderView.swift in Sources */ = {isa = PBXBuildFile; fileRef = 37029CB41F47FC12001BC530 /* SliderView.swift */; };
		37029CB81F47FC84001BC530 /* SecondViewController.swift in Sources */ = {isa = PBXBuildFile; fileRef = 37029CB61F47FC84001BC530 /* SecondViewController.swift */; };
		37029CB91F47FC84001BC530 /* SecondViewController.xib in Resources */ = {isa = PBXBuildFile; fileRef = 37029CB71F47FC84001BC530 /* SecondViewController.xib */; };
		37029CBB1F47FD89001BC530 /* SecondDemoView.swift in Sources */ = {isa = PBXBuildFile; fileRef = 37029CBA1F47FD89001BC530 /* SecondDemoView.swift */; };
		37029CBD1F47FD99001BC530 /* SecondDemoView.xib in Resources */ = {isa = PBXBuildFile; fileRef = 37029CBC1F47FD99001BC530 /* SecondDemoView.xib */; };
		37029CBF1F47FEF8001BC530 /* XibBaseView.swift in Sources */ = {isa = PBXBuildFile; fileRef = 37029CBE1F47FEF8001BC530 /* XibBaseView.swift */; };
		37029CC11F481667001BC530 /* SecondDemoTwoView.swift in Sources */ = {isa = PBXBuildFile; fileRef = 37029CC01F481667001BC530 /* SecondDemoTwoView.swift */; };
		37029CC31F481673001BC530 /* SecondDemoTwoView.xib in Resources */ = {isa = PBXBuildFile; fileRef = 37029CC21F481673001BC530 /* SecondDemoTwoView.xib */; };
		371018FA1DB314E30046B359 /* AppDelegate.swift in Sources */ = {isa = PBXBuildFile; fileRef = 371018F91DB314E30046B359 /* AppDelegate.swift */; };
		371018FF1DB314E30046B359 /* Main.storyboard in Resources */ = {isa = PBXBuildFile; fileRef = 371018FD1DB314E30046B359 /* Main.storyboard */; };
		371019011DB314E30046B359 /* Assets.xcassets in Resources */ = {isa = PBXBuildFile; fileRef = 371019001DB314E30046B359 /* Assets.xcassets */; };
		371019041DB314E30046B359 /* LaunchScreen.storyboard in Resources */ = {isa = PBXBuildFile; fileRef = 371019021DB314E30046B359 /* LaunchScreen.storyboard */; };
		3710190C1DB3161E0046B359 /* HomeTableViewController.swift in Sources */ = {isa = PBXBuildFile; fileRef = 3710190B1DB3161E0046B359 /* HomeTableViewController.swift */; };
		3710190E1DB31E210046B359 /* FirstViewController.swift in Sources */ = {isa = PBXBuildFile; fileRef = 3710190D1DB31E210046B359 /* FirstViewController.swift */; };
		371019111DB324690046B359 /* ImageSliderView.swift in Sources */ = {isa = PBXBuildFile; fileRef = 371019101DB324690046B359 /* ImageSliderView.swift */; };
		371019141DB32F990046B359 /* Array+Extension.swift in Sources */ = {isa = PBXBuildFile; fileRef = 371019131DB32F990046B359 /* Array+Extension.swift */; };
		371019181DB34EE50046B359 /* UIImage+Extension.swift in Sources */ = {isa = PBXBuildFile; fileRef = 371019171DB34EE50046B359 /* UIImage+Extension.swift */; };
		374CF34C1DD5A92F008EE712 /* CyclePicker1ViewController.swift in Sources */ = {isa = PBXBuildFile; fileRef = 374CF34B1DD5A92E008EE712 /* CyclePicker1ViewController.swift */; };
		3772EC281DB8A58A009C5222 /* InfiniteScrollViewController.swift in Sources */ = {isa = PBXBuildFile; fileRef = 3772EC271DB8A58A009C5222 /* InfiniteScrollViewController.swift */; };
		3772EC2A1DB8A5C7009C5222 /* InfiniteScrollView.swift in Sources */ = {isa = PBXBuildFile; fileRef = 3772EC291DB8A5C7009C5222 /* InfiniteScrollView.swift */; };
		3776FF571DC3538F00909BF6 /* clockwork.wav in Resources */ = {isa = PBXBuildFile; fileRef = 3776FF561DC3538F00909BF6 /* clockwork.wav */; };
		377879151DBDBCF10089967E /* UIColor+Extension.swift in Sources */ = {isa = PBXBuildFile; fileRef = 377879141DBDBCF10089967E /* UIColor+Extension.swift */; };
		3785FED61E79546F00E6D6A3 /* SliderViewController.swift in Sources */ = {isa = PBXBuildFile; fileRef = 3785FED51E79546F00E6D6A3 /* SliderViewController.swift */; };
		3785FED81E79558400E6D6A3 /* EmptyViewController.swift in Sources */ = {isa = PBXBuildFile; fileRef = 3785FED71E79558400E6D6A3 /* EmptyViewController.swift */; };
		379179CC1DC760DF00276C6F /* ReactNativeDemoViewController.swift in Sources */ = {isa = PBXBuildFile; fileRef = 379179CB1DC760DF00276C6F /* ReactNativeDemoViewController.swift */; };
		37A4A7771DDC045600F7D29D /* ThunkAndGeneratorViewController.swift in Sources */ = {isa = PBXBuildFile; fileRef = 37A4A7761DDC045600F7D29D /* ThunkAndGeneratorViewController.swift */; };
		37A4A7791DDC04D100F7D29D /* Generator.swift in Sources */ = {isa = PBXBuildFile; fileRef = 37A4A7781DDC04D100F7D29D /* Generator.swift */; };
		37C4A5881DC0DB9200CFDB46 /* ContextMaker.m in Sources */ = {isa = PBXBuildFile; fileRef = 37C4A5871DC0DB9200CFDB46 /* ContextMaker.m */; };
		37D59C751DBB3368005033F7 /* CyclePickerViewController.swift in Sources */ = {isa = PBXBuildFile; fileRef = 37D59C741DBB3368005033F7 /* CyclePickerViewController.swift */; };
		37D59C771DBB339D005033F7 /* DLPickerView.swift in Sources */ = {isa = PBXBuildFile; fileRef = 37D59C761DBB339D005033F7 /* DLPickerView.swift */; };
		37D59C791DBB34EE005033F7 /* DLTableView.swift in Sources */ = {isa = PBXBuildFile; fileRef = 37D59C781DBB34EE005033F7 /* DLTableView.swift */; };
		37D59C7B1DBB350F005033F7 /* CycleTableViewController.swift in Sources */ = {isa = PBXBuildFile; fileRef = 37D59C7A1DBB350F005033F7 /* CycleTableViewController.swift */; };
		3E0D708B333D3B117A2C77A9 /* Pods_DLDemo.framework in Frameworks */ = {isa = PBXBuildFile; fileRef = B8140187FF743B0A4F88DF49 /* Pods_DLDemo.framework */; };
		A045222E1DB9A6D7006FC360 /* UIView+Extension.swift in Sources */ = {isa = PBXBuildFile; fileRef = A045222D1DB9A6D7006FC360 /* UIView+Extension.swift */; };
		A059E2191E2654110030DDA0 /* FilterSongSheetViewController.swift in Sources */ = {isa = PBXBuildFile; fileRef = A059E2181E2654110030DDA0 /* FilterSongSheetViewController.swift */; };
		A059E21B1E26541F0030DDA0 /* UICollectionViewGridLayout.swift in Sources */ = {isa = PBXBuildFile; fileRef = A059E21A1E26541F0030DDA0 /* UICollectionViewGridLayout.swift */; };
/* End PBXBuildFile section */

/* Begin PBXFileReference section */
		37029CB41F47FC12001BC530 /* SliderView.swift */ = {isa = PBXFileReference; fileEncoding = 4; lastKnownFileType = sourcecode.swift; name = SliderView.swift; path = Views/SliderView.swift; sourceTree = "<group>"; };
		37029CB61F47FC84001BC530 /* SecondViewController.swift */ = {isa = PBXFileReference; fileEncoding = 4; lastKnownFileType = sourcecode.swift; name = SecondViewController.swift; path = ViewControllers/SecondViewController.swift; sourceTree = "<group>"; };
		37029CB71F47FC84001BC530 /* SecondViewController.xib */ = {isa = PBXFileReference; fileEncoding = 4; lastKnownFileType = file.xib; name = SecondViewController.xib; path = ViewControllers/SecondViewController.xib; sourceTree = "<group>"; };
		37029CBA1F47FD89001BC530 /* SecondDemoView.swift */ = {isa = PBXFileReference; fileEncoding = 4; lastKnownFileType = sourcecode.swift; name = SecondDemoView.swift; path = ViewControllers/SecondDemoView.swift; sourceTree = "<group>"; };
		37029CBC1F47FD99001BC530 /* SecondDemoView.xib */ = {isa = PBXFileReference; fileEncoding = 4; lastKnownFileType = file.xib; path = SecondDemoView.xib; sourceTree = "<group>"; };
		37029CBE1F47FEF8001BC530 /* XibBaseView.swift */ = {isa = PBXFileReference; fileEncoding = 4; lastKnownFileType = sourcecode.swift; name = XibBaseView.swift; path = ViewControllers/XibBaseView.swift; sourceTree = "<group>"; };
		37029CC01F481667001BC530 /* SecondDemoTwoView.swift */ = {isa = PBXFileReference; fileEncoding = 4; lastKnownFileType = sourcecode.swift; name = SecondDemoTwoView.swift; path = ViewControllers/SecondDemoTwoView.swift; sourceTree = "<group>"; };
		37029CC21F481673001BC530 /* SecondDemoTwoView.xib */ = {isa = PBXFileReference; fileEncoding = 4; lastKnownFileType = file.xib; path = SecondDemoTwoView.xib; sourceTree = "<group>"; };
		371018F61DB314E30046B359 /* DLDemo.app */ = {isa = PBXFileReference; explicitFileType = wrapper.application; includeInIndex = 0; path = DLDemo.app; sourceTree = BUILT_PRODUCTS_DIR; };
		371018F91DB314E30046B359 /* AppDelegate.swift */ = {isa = PBXFileReference; lastKnownFileType = sourcecode.swift; path = AppDelegate.swift; sourceTree = "<group>"; };
		371018FE1DB314E30046B359 /* Base */ = {isa = PBXFileReference; lastKnownFileType = file.storyboard; name = Base; path = Base.lproj/Main.storyboard; sourceTree = "<group>"; };
		371019001DB314E30046B359 /* Assets.xcassets */ = {isa = PBXFileReference; lastKnownFileType = folder.assetcatalog; path = Assets.xcassets; sourceTree = "<group>"; };
		371019031DB314E30046B359 /* Base */ = {isa = PBXFileReference; lastKnownFileType = file.storyboard; name = Base; path = Base.lproj/LaunchScreen.storyboard; sourceTree = "<group>"; };
		371019051DB314E30046B359 /* Info.plist */ = {isa = PBXFileReference; lastKnownFileType = text.plist.xml; path = Info.plist; sourceTree = "<group>"; };
		3710190B1DB3161E0046B359 /* HomeTableViewController.swift */ = {isa = PBXFileReference; fileEncoding = 4; lastKnownFileType = sourcecode.swift; path = HomeTableViewController.swift; sourceTree = "<group>"; };
		3710190D1DB31E210046B359 /* FirstViewController.swift */ = {isa = PBXFileReference; fileEncoding = 4; lastKnownFileType = sourcecode.swift; name = FirstViewController.swift; path = ViewControllers/FirstViewController.swift; sourceTree = "<group>"; };
		371019101DB324690046B359 /* ImageSliderView.swift */ = {isa = PBXFileReference; fileEncoding = 4; lastKnownFileType = sourcecode.swift; name = ImageSliderView.swift; path = Views/ImageSliderView.swift; sourceTree = "<group>"; };
		371019131DB32F990046B359 /* Array+Extension.swift */ = {isa = PBXFileReference; fileEncoding = 4; lastKnownFileType = sourcecode.swift; name = "Array+Extension.swift"; path = "Extension/Foundation/Array+Extension.swift"; sourceTree = "<group>"; };
		371019171DB34EE50046B359 /* UIImage+Extension.swift */ = {isa = PBXFileReference; fileEncoding = 4; lastKnownFileType = sourcecode.swift; name = "UIImage+Extension.swift"; path = "Extension/UIKit/UIImage+Extension.swift"; sourceTree = "<group>"; };
		374CF34B1DD5A92E008EE712 /* CyclePicker1ViewController.swift */ = {isa = PBXFileReference; fileEncoding = 4; lastKnownFileType = sourcecode.swift; name = CyclePicker1ViewController.swift; path = ViewControllers/CyclePicker1ViewController.swift; sourceTree = "<group>"; };
		3772EC271DB8A58A009C5222 /* InfiniteScrollViewController.swift */ = {isa = PBXFileReference; fileEncoding = 4; lastKnownFileType = sourcecode.swift; name = InfiniteScrollViewController.swift; path = ViewControllers/InfiniteScrollViewController.swift; sourceTree = "<group>"; };
		3772EC291DB8A5C7009C5222 /* InfiniteScrollView.swift */ = {isa = PBXFileReference; fileEncoding = 4; lastKnownFileType = sourcecode.swift; name = InfiniteScrollView.swift; path = Views/InfiniteScrollView.swift; sourceTree = "<group>"; };
		3776FF561DC3538F00909BF6 /* clockwork.wav */ = {isa = PBXFileReference; lastKnownFileType = audio.wav; path = clockwork.wav; sourceTree = "<group>"; };
		377879141DBDBCF10089967E /* UIColor+Extension.swift */ = {isa = PBXFileReference; fileEncoding = 4; lastKnownFileType = sourcecode.swift; name = "UIColor+Extension.swift"; path = "Extension/UIKit/UIColor+Extension.swift"; sourceTree = "<group>"; };
		3785FED51E79546F00E6D6A3 /* SliderViewController.swift */ = {isa = PBXFileReference; fileEncoding = 4; lastKnownFileType = sourcecode.swift; name = SliderViewController.swift; path = Views/SliderViewController.swift; sourceTree = "<group>"; };
		3785FED71E79558400E6D6A3 /* EmptyViewController.swift */ = {isa = PBXFileReference; fileEncoding = 4; lastKnownFileType = sourcecode.swift; name = EmptyViewController.swift; path = ViewControllers/EmptyViewController.swift; sourceTree = "<group>"; };
		379179CB1DC760DF00276C6F /* ReactNativeDemoViewController.swift */ = {isa = PBXFileReference; fileEncoding = 4; lastKnownFileType = sourcecode.swift; name = ReactNativeDemoViewController.swift; path = ViewControllers/ReactNativeDemoViewController.swift; sourceTree = "<group>"; };
		37A4A7761DDC045600F7D29D /* ThunkAndGeneratorViewController.swift */ = {isa = PBXFileReference; fileEncoding = 4; lastKnownFileType = sourcecode.swift; name = ThunkAndGeneratorViewController.swift; path = ViewControllers/ThunkAndGeneratorViewController.swift; sourceTree = "<group>"; };
		37A4A7781DDC04D100F7D29D /* Generator.swift */ = {isa = PBXFileReference; fileEncoding = 4; lastKnownFileType = sourcecode.swift; name = Generator.swift; path = UsefulType/Generator.swift; sourceTree = "<group>"; };
		37C4A5851DC0DB9200CFDB46 /* DLDemo-Bridging-Header.h */ = {isa = PBXFileReference; lastKnownFileType = sourcecode.c.h; path = "DLDemo-Bridging-Header.h"; sourceTree = "<group>"; };
		37C4A5861DC0DB9200CFDB46 /* ContextMaker.h */ = {isa = PBXFileReference; fileEncoding = 4; lastKnownFileType = sourcecode.c.h; name = ContextMaker.h; path = OC/ContextMaker.h; sourceTree = "<group>"; };
		37C4A5871DC0DB9200CFDB46 /* ContextMaker.m */ = {isa = PBXFileReference; fileEncoding = 4; lastKnownFileType = sourcecode.c.objc; name = ContextMaker.m; path = OC/ContextMaker.m; sourceTree = "<group>"; };
		37D59C741DBB3368005033F7 /* CyclePickerViewController.swift */ = {isa = PBXFileReference; fileEncoding = 4; lastKnownFileType = sourcecode.swift; name = CyclePickerViewController.swift; path = ViewControllers/CyclePickerViewController.swift; sourceTree = "<group>"; };
		37D59C761DBB339D005033F7 /* DLPickerView.swift */ = {isa = PBXFileReference; fileEncoding = 4; lastKnownFileType = sourcecode.swift; name = DLPickerView.swift; path = Views/DLPickerView.swift; sourceTree = "<group>"; };
		37D59C781DBB34EE005033F7 /* DLTableView.swift */ = {isa = PBXFileReference; fileEncoding = 4; lastKnownFileType = sourcecode.swift; name = DLTableView.swift; path = Views/DLTableView.swift; sourceTree = "<group>"; };
		37D59C7A1DBB350F005033F7 /* CycleTableViewController.swift */ = {isa = PBXFileReference; fileEncoding = 4; lastKnownFileType = sourcecode.swift; name = CycleTableViewController.swift; path = ViewControllers/CycleTableViewController.swift; sourceTree = "<group>"; };
		A045222D1DB9A6D7006FC360 /* UIView+Extension.swift */ = {isa = PBXFileReference; fileEncoding = 4; lastKnownFileType = sourcecode.swift; name = "UIView+Extension.swift"; path = "Extension/UIKit/UIView+Extension.swift"; sourceTree = "<group>"; };
		A059E2181E2654110030DDA0 /* FilterSongSheetViewController.swift */ = {isa = PBXFileReference; fileEncoding = 4; lastKnownFileType = sourcecode.swift; name = FilterSongSheetViewController.swift; path = ViewControllers/FilterSongSheetViewController.swift; sourceTree = "<group>"; };
		A059E21A1E26541F0030DDA0 /* UICollectionViewGridLayout.swift */ = {isa = PBXFileReference; fileEncoding = 4; lastKnownFileType = sourcecode.swift; name = UICollectionViewGridLayout.swift; path = Views/UICollectionViewGridLayout.swift; sourceTree = "<group>"; };
		B8140187FF743B0A4F88DF49 /* Pods_DLDemo.framework */ = {isa = PBXFileReference; explicitFileType = wrapper.framework; includeInIndex = 0; path = Pods_DLDemo.framework; sourceTree = BUILT_PRODUCTS_DIR; };
		D16DFFD9958FE0023A8B1198 /* Pods-DLDemo.debug.xcconfig */ = {isa = PBXFileReference; includeInIndex = 1; lastKnownFileType = text.xcconfig; name = "Pods-DLDemo.debug.xcconfig"; path = "Pods/Target Support Files/Pods-DLDemo/Pods-DLDemo.debug.xcconfig"; sourceTree = "<group>"; };
		F8056B55E3AC3C61C660D39D /* Pods-DLDemo.release.xcconfig */ = {isa = PBXFileReference; includeInIndex = 1; lastKnownFileType = text.xcconfig; name = "Pods-DLDemo.release.xcconfig"; path = "Pods/Target Support Files/Pods-DLDemo/Pods-DLDemo.release.xcconfig"; sourceTree = "<group>"; };
/* End PBXFileReference section */

/* Begin PBXFrameworksBuildPhase section */
		371018F31DB314E30046B359 /* Frameworks */ = {
			isa = PBXFrameworksBuildPhase;
			buildActionMask = 2147483647;
			files = (
				3E0D708B333D3B117A2C77A9 /* Pods_DLDemo.framework in Frameworks */,
			);
			runOnlyForDeploymentPostprocessing = 0;
		};
/* End PBXFrameworksBuildPhase section */

/* Begin PBXGroup section */
		371018ED1DB314E30046B359 = {
			isa = PBXGroup;
			children = (
				371018F81DB314E30046B359 /* DLDemo */,
				371018F71DB314E30046B359 /* Products */,
				F90A1054217505C3E419CC4A /* Pods */,
				DF59B29039383F5AA6BA6FC7 /* Frameworks */,
			);
			sourceTree = "<group>";
		};
		371018F71DB314E30046B359 /* Products */ = {
			isa = PBXGroup;
			children = (
				371018F61DB314E30046B359 /* DLDemo.app */,
			);
			name = Products;
			sourceTree = "<group>";
		};
		371018F81DB314E30046B359 /* DLDemo */ = {
			isa = PBXGroup;
			children = (
				371018F91DB314E30046B359 /* AppDelegate.swift */,
				371018FD1DB314E30046B359 /* Main.storyboard */,
				371019001DB314E30046B359 /* Assets.xcassets */,
				371019021DB314E30046B359 /* LaunchScreen.storyboard */,
				371019051DB314E30046B359 /* Info.plist */,
				3710190B1DB3161E0046B359 /* HomeTableViewController.swift */,
				3710190F1DB31E270046B359 /* ViewControllers */,
				371019121DB3246D0046B359 /* UIKitComponent */,
				371019151DB32FC10046B359 /* Extension */,
				37C4A5891DC0DB9800CFDB46 /* OC */,
				37A4A77A1DDC04D700F7D29D /* UsefulType */,
				37C4A5851DC0DB9200CFDB46 /* DLDemo-Bridging-Header.h */,
			);
			path = DLDemo;
			sourceTree = "<group>";
		};
		3710190F1DB31E270046B359 /* ViewControllers */ = {
			isa = PBXGroup;
			children = (
				3710190D1DB31E210046B359 /* FirstViewController.swift */,
				37029CB61F47FC84001BC530 /* SecondViewController.swift */,
				37029CB71F47FC84001BC530 /* SecondViewController.xib */,
				A059E2181E2654110030DDA0 /* FilterSongSheetViewController.swift */,
				3772EC271DB8A58A009C5222 /* InfiniteScrollViewController.swift */,
				37D59C7A1DBB350F005033F7 /* CycleTableViewController.swift */,
				37D59C741DBB3368005033F7 /* CyclePickerViewController.swift */,
				379179CB1DC760DF00276C6F /* ReactNativeDemoViewController.swift */,
				374CF34B1DD5A92E008EE712 /* CyclePicker1ViewController.swift */,
				37A4A7761DDC045600F7D29D /* ThunkAndGeneratorViewController.swift */,
				3785FED71E79558400E6D6A3 /* EmptyViewController.swift */,
				37029CBA1F47FD89001BC530 /* SecondDemoView.swift */,
				37029CBC1F47FD99001BC530 /* SecondDemoView.xib */,
				37029CBE1F47FEF8001BC530 /* XibBaseView.swift */,
				37029CC01F481667001BC530 /* SecondDemoTwoView.swift */,
				37029CC21F481673001BC530 /* SecondDemoTwoView.xib */,
			);
			name = ViewControllers;
			sourceTree = "<group>";
		};
		371019121DB3246D0046B359 /* UIKitComponent */ = {
			isa = PBXGroup;
			children = (
				37029CB41F47FC12001BC530 /* SliderView.swift */,
				3785FED51E79546F00E6D6A3 /* SliderViewController.swift */,
				A059E21A1E26541F0030DDA0 /* UICollectionViewGridLayout.swift */,
				371019101DB324690046B359 /* ImageSliderView.swift */,
				3772EC291DB8A5C7009C5222 /* InfiniteScrollView.swift */,
				37D59C781DBB34EE005033F7 /* DLTableView.swift */,
				37D59C761DBB339D005033F7 /* DLPickerView.swift */,
				3776FF561DC3538F00909BF6 /* clockwork.wav */,
			);
			name = UIKitComponent;
			sourceTree = "<group>";
		};
		371019151DB32FC10046B359 /* Extension */ = {
			isa = PBXGroup;
			children = (
				371019191DB34EF80046B359 /* UIKit */,
				371019161DB32FD60046B359 /* Foundation */,
			);
			name = Extension;
			sourceTree = "<group>";
		};
		371019161DB32FD60046B359 /* Foundation */ = {
			isa = PBXGroup;
			children = (
				371019131DB32F990046B359 /* Array+Extension.swift */,
			);
			name = Foundation;
			sourceTree = "<group>";
		};
		371019191DB34EF80046B359 /* UIKit */ = {
			isa = PBXGroup;
			children = (
				371019171DB34EE50046B359 /* UIImage+Extension.swift */,
				A045222D1DB9A6D7006FC360 /* UIView+Extension.swift */,
				377879141DBDBCF10089967E /* UIColor+Extension.swift */,
			);
			name = UIKit;
			sourceTree = "<group>";
		};
		37A4A77A1DDC04D700F7D29D /* UsefulType */ = {
			isa = PBXGroup;
			children = (
				37A4A7781DDC04D100F7D29D /* Generator.swift */,
			);
			name = UsefulType;
			sourceTree = "<group>";
		};
		37C4A5891DC0DB9800CFDB46 /* OC */ = {
			isa = PBXGroup;
			children = (
				37C4A5861DC0DB9200CFDB46 /* ContextMaker.h */,
				37C4A5871DC0DB9200CFDB46 /* ContextMaker.m */,
			);
			name = OC;
			sourceTree = "<group>";
		};
		DF59B29039383F5AA6BA6FC7 /* Frameworks */ = {
			isa = PBXGroup;
			children = (
				B8140187FF743B0A4F88DF49 /* Pods_DLDemo.framework */,
			);
			name = Frameworks;
			sourceTree = "<group>";
		};
		F90A1054217505C3E419CC4A /* Pods */ = {
			isa = PBXGroup;
			children = (
				D16DFFD9958FE0023A8B1198 /* Pods-DLDemo.debug.xcconfig */,
				F8056B55E3AC3C61C660D39D /* Pods-DLDemo.release.xcconfig */,
			);
			name = Pods;
			sourceTree = "<group>";
		};
/* End PBXGroup section */

/* Begin PBXNativeTarget section */
		371018F51DB314E30046B359 /* DLDemo */ = {
			isa = PBXNativeTarget;
			buildConfigurationList = 371019081DB314E30046B359 /* Build configuration list for PBXNativeTarget "DLDemo" */;
			buildPhases = (
				CE4073733B9DEDA4600D170D /* [CP] Check Pods Manifest.lock */,
				371018F21DB314E30046B359 /* Sources */,
				371018F31DB314E30046B359 /* Frameworks */,
				371018F41DB314E30046B359 /* Resources */,
				58D111A5A637356323299A85 /* [CP] Embed Pods Frameworks */,
				D923656D9E38771C28A4B4F9 /* [CP] Copy Pods Resources */,
			);
			buildRules = (
			);
			dependencies = (
			);
			name = DLDemo;
			productName = DLDemo;
			productReference = 371018F61DB314E30046B359 /* DLDemo.app */;
			productType = "com.apple.product-type.application";
		};
/* End PBXNativeTarget section */

/* Begin PBXProject section */
		371018EE1DB314E30046B359 /* Project object */ = {
			isa = PBXProject;
			attributes = {
				LastSwiftUpdateCheck = 0800;
				LastUpgradeCheck = 0800;
				ORGANIZATIONNAME = "Dan Lee";
				TargetAttributes = {
					371018F51DB314E30046B359 = {
						CreatedOnToolsVersion = 8.0;
						DevelopmentTeam = U2TKX82CQZ;
						LastSwiftMigration = 0800;
						ProvisioningStyle = Automatic;
					};
				};
			};
			buildConfigurationList = 371018F11DB314E30046B359 /* Build configuration list for PBXProject "DLDemo" */;
			compatibilityVersion = "Xcode 3.2";
			developmentRegion = English;
			hasScannedForEncodings = 0;
			knownRegions = (
				en,
				Base,
			);
			mainGroup = 371018ED1DB314E30046B359;
			productRefGroup = 371018F71DB314E30046B359 /* Products */;
			projectDirPath = "";
			projectRoot = "";
			targets = (
				371018F51DB314E30046B359 /* DLDemo */,
			);
		};
/* End PBXProject section */

/* Begin PBXResourcesBuildPhase section */
		371018F41DB314E30046B359 /* Resources */ = {
			isa = PBXResourcesBuildPhase;
			buildActionMask = 2147483647;
			files = (
				371019041DB314E30046B359 /* LaunchScreen.storyboard in Resources */,
				37029CC31F481673001BC530 /* SecondDemoTwoView.xib in Resources */,
				37029CBD1F47FD99001BC530 /* SecondDemoView.xib in Resources */,
				3776FF571DC3538F00909BF6 /* clockwork.wav in Resources */,
				371019011DB314E30046B359 /* Assets.xcassets in Resources */,
				371018FF1DB314E30046B359 /* Main.storyboard in Resources */,
				37029CB91F47FC84001BC530 /* SecondViewController.xib in Resources */,
			);
			runOnlyForDeploymentPostprocessing = 0;
		};
/* End PBXResourcesBuildPhase section */

/* Begin PBXShellScriptBuildPhase section */
		58D111A5A637356323299A85 /* [CP] Embed Pods Frameworks */ = {
			isa = PBXShellScriptBuildPhase;
			buildActionMask = 2147483647;
			files = (
			);
			inputPaths = (
			);
			name = "[CP] Embed Pods Frameworks";
			outputPaths = (
			);
			runOnlyForDeploymentPostprocessing = 0;
			shellPath = /bin/sh;
			shellScript = "\"${SRCROOT}/Pods/Target Support Files/Pods-DLDemo/Pods-DLDemo-frameworks.sh\"\n";
			showEnvVarsInLog = 0;
		};
		CE4073733B9DEDA4600D170D /* [CP] Check Pods Manifest.lock */ = {
			isa = PBXShellScriptBuildPhase;
			buildActionMask = 2147483647;
			files = (
			);
			inputPaths = (
			);
			name = "[CP] Check Pods Manifest.lock";
			outputPaths = (
			);
			runOnlyForDeploymentPostprocessing = 0;
			shellPath = /bin/sh;
			shellScript = "diff \"${PODS_PODFILE_DIR_PATH}/Podfile.lock\" \"${PODS_ROOT}/Manifest.lock\" > /dev/null\nif [ $? != 0 ] ; then\n    # print error to STDERR\n    echo \"error: The sandbox is not in sync with the Podfile.lock. Run 'pod install' or update your CocoaPods installation.\" >&2\n    exit 1\nfi\n";
			showEnvVarsInLog = 0;
		};
		D923656D9E38771C28A4B4F9 /* [CP] Copy Pods Resources */ = {
			isa = PBXShellScriptBuildPhase;
			buildActionMask = 2147483647;
			files = (
			);
			inputPaths = (
			);
			name = "[CP] Copy Pods Resources";
			outputPaths = (
			);
			runOnlyForDeploymentPostprocessing = 0;
			shellPath = /bin/sh;
			shellScript = "\"${SRCROOT}/Pods/Target Support Files/Pods-DLDemo/Pods-DLDemo-resources.sh\"\n";
			showEnvVarsInLog = 0;
		};
/* End PBXShellScriptBuildPhase section */

/* Begin PBXSourcesBuildPhase section */
		371018F21DB314E30046B359 /* Sources */ = {
			isa = PBXSourcesBuildPhase;
			buildActionMask = 2147483647;
			files = (
				374CF34C1DD5A92F008EE712 /* CyclePicker1ViewController.swift in Sources */,
				3772EC2A1DB8A5C7009C5222 /* InfiniteScrollView.swift in Sources */,
				3772EC281DB8A58A009C5222 /* InfiniteScrollViewController.swift in Sources */,
				37029CB81F47FC84001BC530 /* SecondViewController.swift in Sources */,
				37A4A7771DDC045600F7D29D /* ThunkAndGeneratorViewController.swift in Sources */,
				37029CBB1F47FD89001BC530 /* SecondDemoView.swift in Sources */,
				37D59C7B1DBB350F005033F7 /* CycleTableViewController.swift in Sources */,
				37D59C771DBB339D005033F7 /* DLPickerView.swift in Sources */,
				3710190E1DB31E210046B359 /* FirstViewController.swift in Sources */,
				37029CBF1F47FEF8001BC530 /* XibBaseView.swift in Sources */,
				3785FED61E79546F00E6D6A3 /* SliderViewController.swift in Sources */,
				A059E2191E2654110030DDA0 /* FilterSongSheetViewController.swift in Sources */,
				37029CB51F47FC12001BC530 /* SliderView.swift in Sources */,
				37C4A5881DC0DB9200CFDB46 /* ContextMaker.m in Sources */,
				A045222E1DB9A6D7006FC360 /* UIView+Extension.swift in Sources */,
				371019141DB32F990046B359 /* Array+Extension.swift in Sources */,
				379179CC1DC760DF00276C6F /* ReactNativeDemoViewController.swift in Sources */,
				377879151DBDBCF10089967E /* UIColor+Extension.swift in Sources */,
				371019111DB324690046B359 /* ImageSliderView.swift in Sources */,
				37A4A7791DDC04D100F7D29D /* Generator.swift in Sources */,
				371019181DB34EE50046B359 /* UIImage+Extension.swift in Sources */,
				37D59C751DBB3368005033F7 /* CyclePickerViewController.swift in Sources */,
				3710190C1DB3161E0046B359 /* HomeTableViewController.swift in Sources */,
				A059E21B1E26541F0030DDA0 /* UICollectionViewGridLayout.swift in Sources */,
				37029CC11F481667001BC530 /* SecondDemoTwoView.swift in Sources */,
				37D59C791DBB34EE005033F7 /* DLTableView.swift in Sources */,
				3785FED81E79558400E6D6A3 /* EmptyViewController.swift in Sources */,
				371018FA1DB314E30046B359 /* AppDelegate.swift in Sources */,
			);
			runOnlyForDeploymentPostprocessing = 0;
		};
/* End PBXSourcesBuildPhase section */

/* Begin PBXVariantGroup section */
		371018FD1DB314E30046B359 /* Main.storyboard */ = {
			isa = PBXVariantGroup;
			children = (
				371018FE1DB314E30046B359 /* Base */,
			);
			name = Main.storyboard;
			sourceTree = "<group>";
		};
		371019021DB314E30046B359 /* LaunchScreen.storyboard */ = {
			isa = PBXVariantGroup;
			children = (
				371019031DB314E30046B359 /* Base */,
			);
			name = LaunchScreen.storyboard;
			sourceTree = "<group>";
		};
/* End PBXVariantGroup section */

/* Begin XCBuildConfiguration section */
		371019061DB314E30046B359 /* Debug */ = {
			isa = XCBuildConfiguration;
			buildSettings = {
				ALWAYS_SEARCH_USER_PATHS = NO;
				CLANG_ANALYZER_NONNULL = YES;
				CLANG_CXX_LANGUAGE_STANDARD = "gnu++0x";
				CLANG_CXX_LIBRARY = "libc++";
				CLANG_ENABLE_MODULES = YES;
				CLANG_ENABLE_OBJC_ARC = YES;
				CLANG_WARN_BOOL_CONVERSION = YES;
				CLANG_WARN_CONSTANT_CONVERSION = YES;
				CLANG_WARN_DIRECT_OBJC_ISA_USAGE = YES_ERROR;
				CLANG_WARN_DOCUMENTATION_COMMENTS = YES;
				CLANG_WARN_EMPTY_BODY = YES;
				CLANG_WARN_ENUM_CONVERSION = YES;
				CLANG_WARN_INFINITE_RECURSION = YES;
				CLANG_WARN_INT_CONVERSION = YES;
				CLANG_WARN_OBJC_ROOT_CLASS = YES_ERROR;
				CLANG_WARN_SUSPICIOUS_MOVES = YES;
				CLANG_WARN_UNREACHABLE_CODE = YES;
				CLANG_WARN__DUPLICATE_METHOD_MATCH = YES;
				"CODE_SIGN_IDENTITY[sdk=iphoneos*]" = "iPhone Developer";
				COPY_PHASE_STRIP = NO;
				DEBUG_INFORMATION_FORMAT = dwarf;
				ENABLE_STRICT_OBJC_MSGSEND = YES;
				ENABLE_TESTABILITY = YES;
				GCC_C_LANGUAGE_STANDARD = gnu99;
				GCC_DYNAMIC_NO_PIC = NO;
				GCC_NO_COMMON_BLOCKS = YES;
				GCC_OPTIMIZATION_LEVEL = 0;
				GCC_PREPROCESSOR_DEFINITIONS = (
					"DEBUG=1",
					"$(inherited)",
				);
				GCC_WARN_64_TO_32_BIT_CONVERSION = YES;
				GCC_WARN_ABOUT_RETURN_TYPE = YES_ERROR;
				GCC_WARN_UNDECLARED_SELECTOR = YES;
				GCC_WARN_UNINITIALIZED_AUTOS = YES_AGGRESSIVE;
				GCC_WARN_UNUSED_FUNCTION = YES;
				GCC_WARN_UNUSED_VARIABLE = YES;
				IPHONEOS_DEPLOYMENT_TARGET = 8.0;
				MTL_ENABLE_DEBUG_INFO = YES;
				ONLY_ACTIVE_ARCH = YES;
				SDKROOT = iphoneos;
				SWIFT_ACTIVE_COMPILATION_CONDITIONS = DEBUG;
				SWIFT_OPTIMIZATION_LEVEL = "-Onone";
				TARGETED_DEVICE_FAMILY = "1,2";
			};
			name = Debug;
		};
		371019071DB314E30046B359 /* Release */ = {
			isa = XCBuildConfiguration;
			buildSettings = {
				ALWAYS_SEARCH_USER_PATHS = NO;
				CLANG_ANALYZER_NONNULL = YES;
				CLANG_CXX_LANGUAGE_STANDARD = "gnu++0x";
				CLANG_CXX_LIBRARY = "libc++";
				CLANG_ENABLE_MODULES = YES;
				CLANG_ENABLE_OBJC_ARC = YES;
				CLANG_WARN_BOOL_CONVERSION = YES;
				CLANG_WARN_CONSTANT_CONVERSION = YES;
				CLANG_WARN_DIRECT_OBJC_ISA_USAGE = YES_ERROR;
				CLANG_WARN_DOCUMENTATION_COMMENTS = YES;
				CLANG_WARN_EMPTY_BODY = YES;
				CLANG_WARN_ENUM_CONVERSION = YES;
				CLANG_WARN_INFINITE_RECURSION = YES;
				CLANG_WARN_INT_CONVERSION = YES;
				CLANG_WARN_OBJC_ROOT_CLASS = YES_ERROR;
				CLANG_WARN_SUSPICIOUS_MOVES = YES;
				CLANG_WARN_UNREACHABLE_CODE = YES;
				CLANG_WARN__DUPLICATE_METHOD_MATCH = YES;
				"CODE_SIGN_IDENTITY[sdk=iphoneos*]" = "iPhone Developer";
				COPY_PHASE_STRIP = NO;
				DEBUG_INFORMATION_FORMAT = "dwarf-with-dsym";
				ENABLE_NS_ASSERTIONS = NO;
				ENABLE_STRICT_OBJC_MSGSEND = YES;
				GCC_C_LANGUAGE_STANDARD = gnu99;
				GCC_NO_COMMON_BLOCKS = YES;
				GCC_WARN_64_TO_32_BIT_CONVERSION = YES;
				GCC_WARN_ABOUT_RETURN_TYPE = YES_ERROR;
				GCC_WARN_UNDECLARED_SELECTOR = YES;
				GCC_WARN_UNINITIALIZED_AUTOS = YES_AGGRESSIVE;
				GCC_WARN_UNUSED_FUNCTION = YES;
				GCC_WARN_UNUSED_VARIABLE = YES;
				IPHONEOS_DEPLOYMENT_TARGET = 8.0;
				MTL_ENABLE_DEBUG_INFO = NO;
				SDKROOT = iphoneos;
				SWIFT_OPTIMIZATION_LEVEL = "-Owholemodule";
				TARGETED_DEVICE_FAMILY = "1,2";
				VALIDATE_PRODUCT = YES;
			};
			name = Release;
		};
		371019091DB314E30046B359 /* Debug */ = {
			isa = XCBuildConfiguration;
			baseConfigurationReference = D16DFFD9958FE0023A8B1198 /* Pods-DLDemo.debug.xcconfig */;
			buildSettings = {
				ASSETCATALOG_COMPILER_APPICON_NAME = AppIcon;
				CLANG_ENABLE_MODULES = YES;
				"CODE_SIGN_IDENTITY[sdk=iphoneos*]" = "iPhone Developer";
				DEVELOPMENT_TEAM = U2TKX82CQZ;
				INFOPLIST_FILE = DLDemo/Info.plist;
				LD_RUNPATH_SEARCH_PATHS = "$(inherited) @executable_path/Frameworks";
				PRODUCT_BUNDLE_IDENTIFIER = com.danlee.DLDemo;
				PRODUCT_NAME = "$(TARGET_NAME)";
				SWIFT_OBJC_BRIDGING_HEADER = "DLDemo/DLDemo-Bridging-Header.h";
				SWIFT_OPTIMIZATION_LEVEL = "-Onone";
				SWIFT_VERSION = 3.0;
			};
			name = Debug;
		};
		3710190A1DB314E30046B359 /* Release */ = {
			isa = XCBuildConfiguration;
			baseConfigurationReference = F8056B55E3AC3C61C660D39D /* Pods-DLDemo.release.xcconfig */;
			buildSettings = {
				ASSETCATALOG_COMPILER_APPICON_NAME = AppIcon;
				CLANG_ENABLE_MODULES = YES;
				"CODE_SIGN_IDENTITY[sdk=iphoneos*]" = "iPhone Developer";
				DEVELOPMENT_TEAM = U2TKX82CQZ;
				INFOPLIST_FILE = DLDemo/Info.plist;
				LD_RUNPATH_SEARCH_PATHS = "$(inherited) @executable_path/Frameworks";
				PRODUCT_BUNDLE_IDENTIFIER = com.danlee.DLDemo;
				PRODUCT_NAME = "$(TARGET_NAME)";
				SWIFT_OBJC_BRIDGING_HEADER = "DLDemo/DLDemo-Bridging-Header.h";
				SWIFT_VERSION = 3.0;
			};
			name = Release;
		};
/* End XCBuildConfiguration section */

/* Begin XCConfigurationList section */
		371018F11DB314E30046B359 /* Build configuration list for PBXProject "DLDemo" */ = {
			isa = XCConfigurationList;
			buildConfigurations = (
				371019061DB314E30046B359 /* Debug */,
				371019071DB314E30046B359 /* Release */,
			);
			defaultConfigurationIsVisible = 0;
			defaultConfigurationName = Release;
		};
		371019081DB314E30046B359 /* Build configuration list for PBXNativeTarget "DLDemo" */ = {
			isa = XCConfigurationList;
			buildConfigurations = (
				371019091DB314E30046B359 /* Debug */,
				3710190A1DB314E30046B359 /* Release */,
			);
			defaultConfigurationIsVisible = 0;
			defaultConfigurationName = Release;
		};
/* End XCConfigurationList section */
	};
	rootObject = 371018EE1DB314E30046B359 /* Project object */;
}
